Microsoft Visual Studio Solution File, Format Version 12.00
# Visual Studio 15
VisualStudioVersion = 15.0.28010.2016
MinimumVisualStudioVersion = 10.0.40219.1
Project("{F184B08F-C81C-45F6-A57F-5ABD9991F28F}") = "WinFormsPivot_App", "WinFormsPivot_App.vbproj", "{12C866E1-22B3-48CA-AD33-EA75F16CBB38}"
EndProject
Global
	GlobalSection(SolutionConfigurationPlatforms) = preSolution
		Debug|Any CPU = Debug|Any CPU
		Debug|x86 = Debug|x86
		Release|Any CPU = Release|Any CPU
		Release|x86 = Release|x86
	EndGlobalSection
	GlobalSection(ProjectConfigurationPlatforms) = postSolution
		{12C866E1-22B3-48CA-AD33-EA75F16CBB38}.Debug|Any CPU.ActiveCfg = Debug|Any CPU
		{12C866E1-22B3-48CA-AD33-EA75F16CBB38}.Debug|Any CPU.Build.0 = Debug|Any CPU
		{12C866E1-22B3-48CA-AD33-EA75F16CBB38}.Debug|x86.ActiveCfg = Debug|x86
		{12C866E1-22B3-48CA-AD33-EA75F16CBB38}.Debug|x86.Build.0 = Debug|x86
		{12C866E1-22B3-48CA-AD33-EA75F16CBB38}.Release|Any CPU.ActiveCfg = Release|Any CPU
		{12C866E1-22B3-48CA-AD33-EA75F16CBB38}.Release|Any CPU.Build.0 = Release|Any CPU
		{12C866E1-22B3-48CA-AD33-EA75F16CBB38}.Release|x86.ActiveCfg = Release|x86
		{12C866E1-22B3-48CA-AD33-EA75F16CBB38}.Release|x86.Build.0 = Release|x86
	EndGlobalSection
	GlobalSection(SolutionProperties) = preSolution
		HideSolutionNode = FALSE
	EndGlobalSection
	GlobalSection(ExtensibilityGlobals) = postSolution
		SolutionGuid = {767142C9-9A70-4FA0-A5DB-B5EBEA452E9C}
	EndGlobalSection
EndGlobal
